
Microsoft Visual Studio Solution File, Format Version 12.00
# Visual Studio Version 16
VisualStudioVersion = 16.0.30804.86
MinimumVisualStudioVersion = 10.0.40219.1
Project("{9A19103F-16F7-4668-BE54-9A1E7A4F7556}") = "CrestronNetworkMonitorWPFUI", "CrestronNetworkMonitorWPFUI\CrestronNetworkMonitorWPFUI.csproj", "{9C3284D9-E5DC-4BE0-A34D-AC95390DF0E4}"
EndProject
Project("{54435603-DBB4-11D2-8724-00A0C9A8B90C}") = "CrestronNetworkMonitor.Installer", "CrestronNetworkMonitor.Installer\CrestronNetworkMonitor.Installer.vdproj", "{32EE28C9-69F9-48CE-85B7-0CE207CDCBFA}"
EndProject
Project("{9A19103F-16F7-4668-BE54-9A1E7A4F7556}") = "ThreeByteLibrary.Dotnet", "..\ThreeByteLibrary\ThreeByteLibrary.Dotnet\ThreeByteLibrary.Dotnet.csproj", "{7F93A00D-E02B-4673-AE67-D88DE01075C5}"
EndProject
Project("{930C7802-8A8C-48F9-8165-68863BCCD9DD}") = "CrestronNetworkMonitorSetup", "CrestronNetworkMonitorSetup\CrestronNetworkMonitorSetup.wixproj", "{83776405-715F-405B-9701-B141C4D3B14F}"
EndProject
Global
	GlobalSection(SolutionConfigurationPlatforms) = preSolution
		Debug|Any CPU = Debug|Any CPU
		Debug|x86 = Debug|x86
		Release|Any CPU = Release|Any CPU
		Release|x86 = Release|x86
	EndGlobalSection
	GlobalSection(ProjectConfigurationPlatforms) = postSolution
		{9C3284D9-E5DC-4BE0-A34D-AC95390DF0E4}.Debug|Any CPU.ActiveCfg = Debug|Any CPU
		{9C3284D9-E5DC-4BE0-A34D-AC95390DF0E4}.Debug|Any CPU.Build.0 = Debug|Any CPU
		{9C3284D9-E5DC-4BE0-A34D-AC95390DF0E4}.Debug|x86.ActiveCfg = Debug|Any CPU
		{9C3284D9-E5DC-4BE0-A34D-AC95390DF0E4}.Debug|x86.Build.0 = Debug|Any CPU
		{9C3284D9-E5DC-4BE0-A34D-AC95390DF0E4}.Release|Any CPU.ActiveCfg = Release|x86
		{9C3284D9-E5DC-4BE0-A34D-AC95390DF0E4}.Release|Any CPU.Build.0 = Release|x86
		{9C3284D9-E5DC-4BE0-A34D-AC95390DF0E4}.Release|x86.ActiveCfg = Release|Any CPU
		{9C3284D9-E5DC-4BE0-A34D-AC95390DF0E4}.Release|x86.Build.0 = Release|Any CPU
		{32EE28C9-69F9-48CE-85B7-0CE207CDCBFA}.Debug|Any CPU.ActiveCfg = Debug
		{32EE28C9-69F9-48CE-85B7-0CE207CDCBFA}.Debug|x86.ActiveCfg = Debug
		{32EE28C9-69F9-48CE-85B7-0CE207CDCBFA}.Release|Any CPU.ActiveCfg = Release
		{32EE28C9-69F9-48CE-85B7-0CE207CDCBFA}.Release|x86.ActiveCfg = Release
		{7F93A00D-E02B-4673-AE67-D88DE01075C5}.Debug|Any CPU.ActiveCfg = Debug|Any CPU
		{7F93A00D-E02B-4673-AE67-D88DE01075C5}.Debug|Any CPU.Build.0 = Debug|Any CPU
		{7F93A00D-E02B-4673-AE67-D88DE01075C5}.Debug|x86.ActiveCfg = Debug|Any CPU
		{7F93A00D-E02B-4673-AE67-D88DE01075C5}.Debug|x86.Build.0 = Debug|Any CPU
		{7F93A00D-E02B-4673-AE67-D88DE01075C5}.Release|Any CPU.ActiveCfg = Release|x86
		{7F93A00D-E02B-4673-AE67-D88DE01075C5}.Release|Any CPU.Build.0 = Release|x86
		{7F93A00D-E02B-4673-AE67-D88DE01075C5}.Release|x86.ActiveCfg = Release|Any CPU
		{7F93A00D-E02B-4673-AE67-D88DE01075C5}.Release|x86.Build.0 = Release|Any CPU
		{83776405-715F-405B-9701-B141C4D3B14F}.Debug|Any CPU.ActiveCfg = Debug|x86
		{83776405-715F-405B-9701-B141C4D3B14F}.Debug|x86.ActiveCfg = Debug|x86
		{83776405-715F-405B-9701-B141C4D3B14F}.Debug|x86.Build.0 = Debug|x86
		{83776405-715F-405B-9701-B141C4D3B14F}.Release|Any CPU.ActiveCfg = Release|x86
		{83776405-715F-405B-9701-B141C4D3B14F}.Release|x86.ActiveCfg = Release|x86
		{83776405-715F-405B-9701-B141C4D3B14F}.Release|x86.Build.0 = Release|x86
	EndGlobalSection
	GlobalSection(SolutionProperties) = preSolution
		HideSolutionNode = FALSE
	EndGlobalSection
	GlobalSection(ExtensibilityGlobals) = postSolution
		SolutionGuid = {EC5AF684-7A19-490A-A716-9A7D918842E3}
	EndGlobalSection
EndGlobal
